
Microsoft Visual Studio Solution File, Format Version 12.00
# Visual Studio Version 16
VisualStudioVersion = 16.0.30011.22
MinimumVisualStudioVersion = 10.0.40219.1
Project("{FAE04EC0-301F-11D3-BF4B-00C04F79EFBC}") = "Accademy.Console", "Accademy.Console\Accademy.Console.csproj", "{DA1AFDB9-C332-4A7F-A2F0-C0B377D41F41}"
EndProject
Project("{FAE04EC0-301F-11D3-BF4B-00C04F79EFBC}") = "HumanResources", "HumanResources\HumanResources.csproj", "{EDDDA509-6D8D-4D4A-913F-15C9738F442C}"
EndProject
Project("{FAE04EC0-301F-11D3-BF4B-00C04F79EFBC}") = "Accademy.Geometry", "Accademy.Geometry\Accademy.Geometry.csproj", "{ABDAD410-DF5F-471A-A642-6AF7CE9BF30A}"
EndProject
Project("{FAE04EC0-301F-11D3-BF4B-00C04F79EFBC}") = "Unipi", "Unipi\Unipi.csproj", "{68F94C10-70FC-469C-99B3-35214FD38F77}"
EndProject
Project("{FAE04EC0-301F-11D3-BF4B-00C04F79EFBC}") = "Accademy.GeometryAbstract", "Accademy.GeometryAbstract\Accademy.GeometryAbstract.csproj", "{C3870A1E-CACA-4CBF-97FB-6D9018E41F48}"
EndProject
Project("{FAE04EC0-301F-11D3-BF4B-00C04F79EFBC}") = "Accademy.Helper", "Accademy.Helper\Accademy.Helper.csproj", "{BD55CB96-6391-4061-843B-88109E1C819A}"
EndProject
Global
	GlobalSection(SolutionConfigurationPlatforms) = preSolution
		Debug|Any CPU = Debug|Any CPU
		Release|Any CPU = Release|Any CPU
	EndGlobalSection
	GlobalSection(ProjectConfigurationPlatforms) = postSolution
		{DA1AFDB9-C332-4A7F-A2F0-C0B377D41F41}.Debug|Any CPU.ActiveCfg = Debug|Any CPU
		{DA1AFDB9-C332-4A7F-A2F0-C0B377D41F41}.Debug|Any CPU.Build.0 = Debug|Any CPU
		{DA1AFDB9-C332-4A7F-A2F0-C0B377D41F41}.Release|Any CPU.ActiveCfg = Release|Any CPU
		{DA1AFDB9-C332-4A7F-A2F0-C0B377D41F41}.Release|Any CPU.Build.0 = Release|Any CPU
		{EDDDA509-6D8D-4D4A-913F-15C9738F442C}.Debug|Any CPU.ActiveCfg = Debug|Any CPU
		{EDDDA509-6D8D-4D4A-913F-15C9738F442C}.Debug|Any CPU.Build.0 = Debug|Any CPU
		{EDDDA509-6D8D-4D4A-913F-15C9738F442C}.Release|Any CPU.ActiveCfg = Release|Any CPU
		{EDDDA509-6D8D-4D4A-913F-15C9738F442C}.Release|Any CPU.Build.0 = Release|Any CPU
		{ABDAD410-DF5F-471A-A642-6AF7CE9BF30A}.Debug|Any CPU.ActiveCfg = Debug|Any CPU
		{ABDAD410-DF5F-471A-A642-6AF7CE9BF30A}.Debug|Any CPU.Build.0 = Debug|Any CPU
		{ABDAD410-DF5F-471A-A642-6AF7CE9BF30A}.Release|Any CPU.ActiveCfg = Release|Any CPU
		{ABDAD410-DF5F-471A-A642-6AF7CE9BF30A}.Release|Any CPU.Build.0 = Release|Any CPU
		{68F94C10-70FC-469C-99B3-35214FD38F77}.Debug|Any CPU.ActiveCfg = Debug|Any CPU
		{68F94C10-70FC-469C-99B3-35214FD38F77}.Debug|Any CPU.Build.0 = Debug|Any CPU
		{68F94C10-70FC-469C-99B3-35214FD38F77}.Release|Any CPU.ActiveCfg = Release|Any CPU
		{68F94C10-70FC-469C-99B3-35214FD38F77}.Release|Any CPU.Build.0 = Release|Any CPU
		{C3870A1E-CACA-4CBF-97FB-6D9018E41F48}.Debug|Any CPU.ActiveCfg = Debug|Any CPU
		{C3870A1E-CACA-4CBF-97FB-6D9018E41F48}.Debug|Any CPU.Build.0 = Debug|Any CPU
		{C3870A1E-CACA-4CBF-97FB-6D9018E41F48}.Release|Any CPU.ActiveCfg = Release|Any CPU
		{C3870A1E-CACA-4CBF-97FB-6D9018E41F48}.Release|Any CPU.Build.0 = Release|Any CPU
		{BD55CB96-6391-4061-843B-88109E1C819A}.Debug|Any CPU.ActiveCfg = Debug|Any CPU
		{BD55CB96-6391-4061-843B-88109E1C819A}.Debug|Any CPU.Build.0 = Debug|Any CPU
		{BD55CB96-6391-4061-843B-88109E1C819A}.Release|Any CPU.ActiveCfg = Release|Any CPU
		{BD55CB96-6391-4061-843B-88109E1C819A}.Release|Any CPU.Build.0 = Release|Any CPU
	EndGlobalSection
	GlobalSection(SolutionProperties) = preSolution
		HideSolutionNode = FALSE
	EndGlobalSection
	GlobalSection(ExtensibilityGlobals) = postSolution
		SolutionGuid = {79CEA8BD-4DE0-4B67-B6BA-E4D01E5E43D3}
	EndGlobalSection
EndGlobal
